
Microsoft Visual Studio Solution File, Format Version 12.00
# Visual Studio Version 17
VisualStudioVersion = 17.7.34018.315
MinimumVisualStudioVersion = 10.0.40219.1
Project("{9A19103F-16F7-4668-BE54-9A1E7A4F7556}") = "PlanoDeSaude", "PlanoDeSaude.csproj", "{D96C830D-5497-42C6-8739-E887B0D0B024}"
EndProject
Project("{9A19103F-16F7-4668-BE54-9A1E7A4F7556}") = "RH", "..\RH\RH.csproj", "{8B8138A9-2313-48AE-A9CD-D1A5F58BC61D}"
EndProject
Project("{9A19103F-16F7-4668-BE54-9A1E7A4F7556}") = "Notas", "..\Notas\Notas.csproj", "{97C2E2C4-F08A-45D1-AD32-BD6FB20FCBF9}"
EndProject
Project("{9A19103F-16F7-4668-BE54-9A1E7A4F7556}") = "Exercicio-1", "..\Exercicio-1\Exercicio-1.csproj", "{8029501C-A92D-46AF-9A90-7310C76BD23E}"
EndProject
Project("{9A19103F-16F7-4668-BE54-9A1E7A4F7556}") = "Exercicio-2", "..\Exercicio-2\Exercicio-2.csproj", "{574FA773-A7DC-490B-AE98-C6588EA4FB7C}"
EndProject
Project("{9A19103F-16F7-4668-BE54-9A1E7A4F7556}") = "Exercicio-3", "..\Exercicio-3\Exercicio-3.csproj", "{282B6857-CBAA-4F1B-BD9D-D88876BD653B}"
EndProject
Project("{FAE04EC0-301F-11D3-BF4B-00C04F79EFBC}") = "Exercicio-4", "..\Exercicio-4\Exercicio-4.csproj", "{34161C32-032C-40BE-9487-F93465956F1E}"
EndProject
Global
	GlobalSection(SolutionConfigurationPlatforms) = preSolution
		Debug|Any CPU = Debug|Any CPU
		Release|Any CPU = Release|Any CPU
	EndGlobalSection
	GlobalSection(ProjectConfigurationPlatforms) = postSolution
		{D96C830D-5497-42C6-8739-E887B0D0B024}.Debug|Any CPU.ActiveCfg = Debug|Any CPU
		{D96C830D-5497-42C6-8739-E887B0D0B024}.Debug|Any CPU.Build.0 = Debug|Any CPU
		{D96C830D-5497-42C6-8739-E887B0D0B024}.Release|Any CPU.ActiveCfg = Release|Any CPU
		{D96C830D-5497-42C6-8739-E887B0D0B024}.Release|Any CPU.Build.0 = Release|Any CPU
		{8B8138A9-2313-48AE-A9CD-D1A5F58BC61D}.Debug|Any CPU.ActiveCfg = Debug|Any CPU
		{8B8138A9-2313-48AE-A9CD-D1A5F58BC61D}.Debug|Any CPU.Build.0 = Debug|Any CPU
		{8B8138A9-2313-48AE-A9CD-D1A5F58BC61D}.Release|Any CPU.ActiveCfg = Release|Any CPU
		{8B8138A9-2313-48AE-A9CD-D1A5F58BC61D}.Release|Any CPU.Build.0 = Release|Any CPU
		{97C2E2C4-F08A-45D1-AD32-BD6FB20FCBF9}.Debug|Any CPU.ActiveCfg = Debug|Any CPU
		{97C2E2C4-F08A-45D1-AD32-BD6FB20FCBF9}.Debug|Any CPU.Build.0 = Debug|Any CPU
		{97C2E2C4-F08A-45D1-AD32-BD6FB20FCBF9}.Release|Any CPU.ActiveCfg = Release|Any CPU
		{97C2E2C4-F08A-45D1-AD32-BD6FB20FCBF9}.Release|Any CPU.Build.0 = Release|Any CPU
		{8029501C-A92D-46AF-9A90-7310C76BD23E}.Debug|Any CPU.ActiveCfg = Debug|Any CPU
		{8029501C-A92D-46AF-9A90-7310C76BD23E}.Debug|Any CPU.Build.0 = Debug|Any CPU
		{8029501C-A92D-46AF-9A90-7310C76BD23E}.Release|Any CPU.ActiveCfg = Release|Any CPU
		{8029501C-A92D-46AF-9A90-7310C76BD23E}.Release|Any CPU.Build.0 = Release|Any CPU
		{574FA773-A7DC-490B-AE98-C6588EA4FB7C}.Debug|Any CPU.ActiveCfg = Debug|Any CPU
		{574FA773-A7DC-490B-AE98-C6588EA4FB7C}.Debug|Any CPU.Build.0 = Debug|Any CPU
		{574FA773-A7DC-490B-AE98-C6588EA4FB7C}.Release|Any CPU.ActiveCfg = Release|Any CPU
		{574FA773-A7DC-490B-AE98-C6588EA4FB7C}.Release|Any CPU.Build.0 = Release|Any CPU
		{282B6857-CBAA-4F1B-BD9D-D88876BD653B}.Debug|Any CPU.ActiveCfg = Debug|Any CPU
		{282B6857-CBAA-4F1B-BD9D-D88876BD653B}.Debug|Any CPU.Build.0 = Debug|Any CPU
		{282B6857-CBAA-4F1B-BD9D-D88876BD653B}.Release|Any CPU.ActiveCfg = Release|Any CPU
		{282B6857-CBAA-4F1B-BD9D-D88876BD653B}.Release|Any CPU.Build.0 = Release|Any CPU
		{34161C32-032C-40BE-9487-F93465956F1E}.Debug|Any CPU.ActiveCfg = Debug|Any CPU
		{34161C32-032C-40BE-9487-F93465956F1E}.Debug|Any CPU.Build.0 = Debug|Any CPU
		{34161C32-032C-40BE-9487-F93465956F1E}.Release|Any CPU.ActiveCfg = Release|Any CPU
		{34161C32-032C-40BE-9487-F93465956F1E}.Release|Any CPU.Build.0 = Release|Any CPU
	EndGlobalSection
	GlobalSection(SolutionProperties) = preSolution
		HideSolutionNode = FALSE
	EndGlobalSection
	GlobalSection(ExtensibilityGlobals) = postSolution
		SolutionGuid = {064AEECA-3CAA-4A52-A9AA-33541A933A7E}
	EndGlobalSection
EndGlobal
