
Microsoft Visual Studio Solution File, Format Version 12.00
# Visual Studio Version 17
VisualStudioVersion = 17.7.34018.315
MinimumVisualStudioVersion = 10.0.40219.1
Project("{FAE04EC0-301F-11D3-BF4B-00C04F79EFBC}") = "Metodos", "Metodos.csproj", "{E46F7062-EC94-4720-BC56-10C587DF5D71}"
EndProject
Project("{FAE04EC0-301F-11D3-BF4B-00C04F79EFBC}") = "Metodos2", "..\Metodos2\Metodos2.csproj", "{642168E5-1410-4C0D-B8D8-71F77456E2C9}"
EndProject
Global
	GlobalSection(SolutionConfigurationPlatforms) = preSolution
		Debug|Any CPU = Debug|Any CPU
		Release|Any CPU = Release|Any CPU
	EndGlobalSection
	GlobalSection(ProjectConfigurationPlatforms) = postSolution
		{E46F7062-EC94-4720-BC56-10C587DF5D71}.Debug|Any CPU.ActiveCfg = Debug|Any CPU
		{E46F7062-EC94-4720-BC56-10C587DF5D71}.Debug|Any CPU.Build.0 = Debug|Any CPU
		{E46F7062-EC94-4720-BC56-10C587DF5D71}.Release|Any CPU.ActiveCfg = Release|Any CPU
		{E46F7062-EC94-4720-BC56-10C587DF5D71}.Release|Any CPU.Build.0 = Release|Any CPU
		{642168E5-1410-4C0D-B8D8-71F77456E2C9}.Debug|Any CPU.ActiveCfg = Debug|Any CPU
		{642168E5-1410-4C0D-B8D8-71F77456E2C9}.Debug|Any CPU.Build.0 = Debug|Any CPU
		{642168E5-1410-4C0D-B8D8-71F77456E2C9}.Release|Any CPU.ActiveCfg = Release|Any CPU
		{642168E5-1410-4C0D-B8D8-71F77456E2C9}.Release|Any CPU.Build.0 = Release|Any CPU
	EndGlobalSection
	GlobalSection(SolutionProperties) = preSolution
		HideSolutionNode = FALSE
	EndGlobalSection
	GlobalSection(ExtensibilityGlobals) = postSolution
		SolutionGuid = {3D81265E-9825-461E-AE04-D40E557A9FA1}
	EndGlobalSection
EndGlobal
